// !$*UTF8*$!
{
	archiveVersion = 1;
	classes = {
	};
	objectVersion = 50;
	objects = {

/* Begin PBXBuildFile section */
		89B05CD321118F9400A6C84E /* Beerchip_MellowMashroom_SDK.framework in Frameworks */ = {isa = PBXBuildFile; fileRef = 89B05CC921118F9400A6C84E /* Beerchip_MellowMashroom_SDK.framework */; };
		89B05CD821118F9400A6C84E /* Beerchip_MellowMashroom_SDKTests.swift in Sources */ = {isa = PBXBuildFile; fileRef = 89B05CD721118F9400A6C84E /* Beerchip_MellowMashroom_SDKTests.swift */; };
		89B05CDA21118F9400A6C84E /* Beerchip_MellowMashroom_SDK.h in Headers */ = {isa = PBXBuildFile; fileRef = 89B05CCC21118F9400A6C84E /* Beerchip_MellowMashroom_SDK.h */; settings = {ATTRIBUTES = (Public, ); }; };
		89B05CF92111918D00A6C84E /* LocationTableViewCell.swift in Sources */ = {isa = PBXBuildFile; fileRef = 89B05CE32111918800A6C84E /* LocationTableViewCell.swift */; };
		89B05CFA2111918D00A6C84E /* ModelData.swift in Sources */ = {isa = PBXBuildFile; fileRef = 89B05CE42111918900A6C84E /* ModelData.swift */; };
		89B05CFB2111918D00A6C84E /* PageControlView.swift in Sources */ = {isa = PBXBuildFile; fileRef = 89B05CE52111918900A6C84E /* PageControlView.swift */; };
		89B05CFC2111918D00A6C84E /* BeerMenuViewController.swift in Sources */ = {isa = PBXBuildFile; fileRef = 89B05CE62111918900A6C84E /* BeerMenuViewController.swift */; };
		89B05CFD2111918D00A6C84E /* RedeemBeerchipViewController.swift in Sources */ = {isa = PBXBuildFile; fileRef = 89B05CE72111918900A6C84E /* RedeemBeerchipViewController.swift */; };
		89B05CFE2111918D00A6C84E /* FavouritesViewController.swift in Sources */ = {isa = PBXBuildFile; fileRef = 89B05CE82111918900A6C84E /* FavouritesViewController.swift */; };
		89B05CFF2111918D00A6C84E /* MenuBar.swift in Sources */ = {isa = PBXBuildFile; fileRef = 89B05CE92111918900A6C84E /* MenuBar.swift */; };
		89B05D002111918D00A6C84E /* WelcomeViewController.swift in Sources */ = {isa = PBXBuildFile; fileRef = 89B05CEA2111918A00A6C84E /* WelcomeViewController.swift */; };
		89B05D012111918D00A6C84E /* MyRatingsViewController.swift in Sources */ = {isa = PBXBuildFile; fileRef = 89B05CEB2111918A00A6C84E /* MyRatingsViewController.swift */; };
		89B05D022111918D00A6C84E /* EmptySegue.swift in Sources */ = {isa = PBXBuildFile; fileRef = 89B05CEC2111918A00A6C84E /* EmptySegue.swift */; };
		89B05D032111918D00A6C84E /* MyProfileViewController.swift in Sources */ = {isa = PBXBuildFile; fileRef = 89B05CED2111918A00A6C84E /* MyProfileViewController.swift */; };
		89B05D042111918D00A6C84E /* BeerchipViewController.swift in Sources */ = {isa = PBXBuildFile; fileRef = 89B05CEE2111918A00A6C84E /* BeerchipViewController.swift */; };
		89B05D052111918D00A6C84E /* BeerInfoViewController.swift in Sources */ = {isa = PBXBuildFile; fileRef = 89B05CEF2111918A00A6C84E /* BeerInfoViewController.swift */; };
		89B05D062111918D00A6C84E /* BeerMenuTitlesTableViewCell.swift in Sources */ = {isa = PBXBuildFile; fileRef = 89B05CF02111918A00A6C84E /* BeerMenuTitlesTableViewCell.swift */; };
		89B05D072111918D00A6C84E /* Extension.swift in Sources */ = {isa = PBXBuildFile; fileRef = 89B05CF12111918B00A6C84E /* Extension.swift */; };
		89B05D082111918D00A6C84E /* RewardHistoryViewController.swift in Sources */ = {isa = PBXBuildFile; fileRef = 89B05CF22111918B00A6C84E /* RewardHistoryViewController.swift */; };
		89B05D092111918D00A6C84E /* CashOutViewController.swift in Sources */ = {isa = PBXBuildFile; fileRef = 89B05CF52111918C00A6C84E /* CashOutViewController.swift */; };
		89B05D0A2111918D00A6C84E /* ContainerViewController.swift in Sources */ = {isa = PBXBuildFile; fileRef = 89B05CF62111918C00A6C84E /* ContainerViewController.swift */; };
		89B05D0B2111918D00A6C84E /* BeerMenuSubTitlesTableViewCell.swift in Sources */ = {isa = PBXBuildFile; fileRef = 89B05CF72111918D00A6C84E /* BeerMenuSubTitlesTableViewCell.swift */; };
		89B05D0C2111918D00A6C84E /* CustomPageViewController.swift in Sources */ = {isa = PBXBuildFile; fileRef = 89B05CF82111918D00A6C84E /* CustomPageViewController.swift */; };
/* End PBXBuildFile section */

/* Begin PBXContainerItemProxy section */
		89B05CD421118F9400A6C84E /* PBXContainerItemProxy */ = {
			isa = PBXContainerItemProxy;
			containerPortal = 89B05CC021118F9400A6C84E /* Project object */;
			proxyType = 1;
			remoteGlobalIDString = 89B05CC821118F9400A6C84E;
			remoteInfo = "Beerchip-MellowMashroom-SDK";
		};
/* End PBXContainerItemProxy section */

/* Begin PBXFileReference section */
		89B05CC921118F9400A6C84E /* Beerchip_MellowMashroom_SDK.framework */ = {isa = PBXFileReference; explicitFileType = wrapper.framework; includeInIndex = 0; path = Beerchip_MellowMashroom_SDK.framework; sourceTree = BUILT_PRODUCTS_DIR; };
		89B05CCC21118F9400A6C84E /* Beerchip_MellowMashroom_SDK.h */ = {isa = PBXFileReference; lastKnownFileType = sourcecode.c.h; path = Beerchip_MellowMashroom_SDK.h; sourceTree = "<group>"; };
		89B05CCD21118F9400A6C84E /* Info.plist */ = {isa = PBXFileReference; lastKnownFileType = text.plist.xml; path = Info.plist; sourceTree = "<group>"; };
		89B05CD221118F9400A6C84E /* Beerchip-MellowMashroom-SDKTests.xctest */ = {isa = PBXFileReference; explicitFileType = wrapper.cfbundle; includeInIndex = 0; path = "Beerchip-MellowMashroom-SDKTests.xctest"; sourceTree = BUILT_PRODUCTS_DIR; };
		89B05CD721118F9400A6C84E /* Beerchip_MellowMashroom_SDKTests.swift */ = {isa = PBXFileReference; lastKnownFileType = sourcecode.swift; path = Beerchip_MellowMashroom_SDKTests.swift; sourceTree = "<group>"; };
		89B05CD921118F9400A6C84E /* Info.plist */ = {isa = PBXFileReference; lastKnownFileType = text.plist.xml; path = Info.plist; sourceTree = "<group>"; };
		89B05CE32111918800A6C84E /* LocationTableViewCell.swift */ = {isa = PBXFileReference; lastKnownFileType = sourcecode.swift; path = LocationTableViewCell.swift; sourceTree = "<group>"; };
		89B05CE42111918900A6C84E /* ModelData.swift */ = {isa = PBXFileReference; lastKnownFileType = sourcecode.swift; path = ModelData.swift; sourceTree = "<group>"; };
		89B05CE52111918900A6C84E /* PageControlView.swift */ = {isa = PBXFileReference; lastKnownFileType = sourcecode.swift; path = PageControlView.swift; sourceTree = "<group>"; };
		89B05CE62111918900A6C84E /* BeerMenuViewController.swift */ = {isa = PBXFileReference; lastKnownFileType = sourcecode.swift; path = BeerMenuViewController.swift; sourceTree = "<group>"; };
		89B05CE72111918900A6C84E /* RedeemBeerchipViewController.swift */ = {isa = PBXFileReference; lastKnownFileType = sourcecode.swift; path = RedeemBeerchipViewController.swift; sourceTree = "<group>"; };
		89B05CE82111918900A6C84E /* FavouritesViewController.swift */ = {isa = PBXFileReference; lastKnownFileType = sourcecode.swift; path = FavouritesViewController.swift; sourceTree = "<group>"; };
		89B05CE92111918900A6C84E /* MenuBar.swift */ = {isa = PBXFileReference; lastKnownFileType = sourcecode.swift; path = MenuBar.swift; sourceTree = "<group>"; };
		89B05CEA2111918A00A6C84E /* WelcomeViewController.swift */ = {isa = PBXFileReference; lastKnownFileType = sourcecode.swift; path = WelcomeViewController.swift; sourceTree = "<group>"; };
		89B05CEB2111918A00A6C84E /* MyRatingsViewController.swift */ = {isa = PBXFileReference; lastKnownFileType = sourcecode.swift; path = MyRatingsViewController.swift; sourceTree = "<group>"; };
		89B05CEC2111918A00A6C84E /* EmptySegue.swift */ = {isa = PBXFileReference; lastKnownFileType = sourcecode.swift; path = EmptySegue.swift; sourceTree = "<group>"; };
		89B05CED2111918A00A6C84E /* MyProfileViewController.swift */ = {isa = PBXFileReference; lastKnownFileType = sourcecode.swift; path = MyProfileViewController.swift; sourceTree = "<group>"; };
		89B05CEE2111918A00A6C84E /* BeerchipViewController.swift */ = {isa = PBXFileReference; lastKnownFileType = sourcecode.swift; path = BeerchipViewController.swift; sourceTree = "<group>"; };
		89B05CEF2111918A00A6C84E /* BeerInfoViewController.swift */ = {isa = PBXFileReference; lastKnownFileType = sourcecode.swift; path = BeerInfoViewController.swift; sourceTree = "<group>"; };
		89B05CF02111918A00A6C84E /* BeerMenuTitlesTableViewCell.swift */ = {isa = PBXFileReference; lastKnownFileType = sourcecode.swift; path = BeerMenuTitlesTableViewCell.swift; sourceTree = "<group>"; };
		89B05CF12111918B00A6C84E /* Extension.swift */ = {isa = PBXFileReference; lastKnownFileType = sourcecode.swift; path = Extension.swift; sourceTree = "<group>"; };
		89B05CF22111918B00A6C84E /* RewardHistoryViewController.swift */ = {isa = PBXFileReference; lastKnownFileType = sourcecode.swift; path = RewardHistoryViewController.swift; sourceTree = "<group>"; };
		89B05CF32111918B00A6C84E /* BeerchipStoryboard.storyboard */ = {isa = PBXFileReference; lastKnownFileType = file.storyboard; path = BeerchipStoryboard.storyboard; sourceTree = "<group>"; };
		89B05CF42111918C00A6C84E /* BeerchipAssets.xcassets */ = {isa = PBXFileReference; lastKnownFileType = folder.assetcatalog; path = BeerchipAssets.xcassets; sourceTree = "<group>"; };
		89B05CF52111918C00A6C84E /* CashOutViewController.swift */ = {isa = PBXFileReference; lastKnownFileType = sourcecode.swift; path = CashOutViewController.swift; sourceTree = "<group>"; };
		89B05CF62111918C00A6C84E /* ContainerViewController.swift */ = {isa = PBXFileReference; lastKnownFileType = sourcecode.swift; path = ContainerViewController.swift; sourceTree = "<group>"; };
		89B05CF72111918D00A6C84E /* BeerMenuSubTitlesTableViewCell.swift */ = {isa = PBXFileReference; lastKnownFileType = sourcecode.swift; path = BeerMenuSubTitlesTableViewCell.swift; sourceTree = "<group>"; };
		89B05CF82111918D00A6C84E /* CustomPageViewController.swift */ = {isa = PBXFileReference; lastKnownFileType = sourcecode.swift; path = CustomPageViewController.swift; sourceTree = "<group>"; };
/* End PBXFileReference section */

/* Begin PBXFrameworksBuildPhase section */
		89B05CC521118F9400A6C84E /* Frameworks */ = {
			isa = PBXFrameworksBuildPhase;
			buildActionMask = 2147483647;
			files = (
			);
			runOnlyForDeploymentPostprocessing = 0;
		};
		89B05CCF21118F9400A6C84E /* Frameworks */ = {
			isa = PBXFrameworksBuildPhase;
			buildActionMask = 2147483647;
			files = (
				89B05CD321118F9400A6C84E /* Beerchip_MellowMashroom_SDK.framework in Frameworks */,
			);
			runOnlyForDeploymentPostprocessing = 0;
		};
/* End PBXFrameworksBuildPhase section */

/* Begin PBXGroup section */
		89B05CBF21118F9400A6C84E = {
			isa = PBXGroup;
			children = (
				89B05CCB21118F9400A6C84E /* Beerchip-MellowMashroom-SDK */,
				89B05CD621118F9400A6C84E /* Beerchip-MellowMashroom-SDKTests */,
				89B05CCA21118F9400A6C84E /* Products */,
			);
			sourceTree = "<group>";
		};
		89B05CCA21118F9400A6C84E /* Products */ = {
			isa = PBXGroup;
			children = (
				89B05CC921118F9400A6C84E /* Beerchip_MellowMashroom_SDK.framework */,
				89B05CD221118F9400A6C84E /* Beerchip-MellowMashroom-SDKTests.xctest */,
			);
			name = Products;
			sourceTree = "<group>";
		};
		89B05CCB21118F9400A6C84E /* Beerchip-MellowMashroom-SDK */ = {
			isa = PBXGroup;
			children = (
				89B05CCC21118F9400A6C84E /* Beerchip_MellowMashroom_SDK.h */,
				89B05CF42111918C00A6C84E /* BeerchipAssets.xcassets */,
				89B05CF32111918B00A6C84E /* BeerchipStoryboard.storyboard */,
				89B05CEE2111918A00A6C84E /* BeerchipViewController.swift */,
				89B05CEF2111918A00A6C84E /* BeerInfoViewController.swift */,
				89B05CF72111918D00A6C84E /* BeerMenuSubTitlesTableViewCell.swift */,
				89B05CF02111918A00A6C84E /* BeerMenuTitlesTableViewCell.swift */,
				89B05CE62111918900A6C84E /* BeerMenuViewController.swift */,
				89B05CF52111918C00A6C84E /* CashOutViewController.swift */,
				89B05CF62111918C00A6C84E /* ContainerViewController.swift */,
				89B05CF82111918D00A6C84E /* CustomPageViewController.swift */,
				89B05CEC2111918A00A6C84E /* EmptySegue.swift */,
				89B05CF12111918B00A6C84E /* Extension.swift */,
				89B05CE82111918900A6C84E /* FavouritesViewController.swift */,
				89B05CE32111918800A6C84E /* LocationTableViewCell.swift */,
				89B05CE92111918900A6C84E /* MenuBar.swift */,
				89B05CE42111918900A6C84E /* ModelData.swift */,
				89B05CED2111918A00A6C84E /* MyProfileViewController.swift */,
				89B05CEB2111918A00A6C84E /* MyRatingsViewController.swift */,
				89B05CE52111918900A6C84E /* PageControlView.swift */,
				89B05CE72111918900A6C84E /* RedeemBeerchipViewController.swift */,
				89B05CF22111918B00A6C84E /* RewardHistoryViewController.swift */,
				89B05CEA2111918A00A6C84E /* WelcomeViewController.swift */,
				89B05CCD21118F9400A6C84E /* Info.plist */,
			);
			path = "Beerchip-MellowMashroom-SDK";
			sourceTree = "<group>";
		};
		89B05CD621118F9400A6C84E /* Beerchip-MellowMashroom-SDKTests */ = {
			isa = PBXGroup;
			children = (
				89B05CD721118F9400A6C84E /* Beerchip_MellowMashroom_SDKTests.swift */,
				89B05CD921118F9400A6C84E /* Info.plist */,
			);
			path = "Beerchip-MellowMashroom-SDKTests";
			sourceTree = "<group>";
		};
/* End PBXGroup section */

/* Begin PBXHeadersBuildPhase section */
		89B05CC621118F9400A6C84E /* Headers */ = {
			isa = PBXHeadersBuildPhase;
			buildActionMask = 2147483647;
			files = (
				89B05CDA21118F9400A6C84E /* Beerchip_MellowMashroom_SDK.h in Headers */,
			);
			runOnlyForDeploymentPostprocessing = 0;
		};
/* End PBXHeadersBuildPhase section */

/* Begin PBXNativeTarget section */
		89B05CC821118F9400A6C84E /* Beerchip-MellowMashroom-SDK */ = {
			isa = PBXNativeTarget;
			buildConfigurationList = 89B05CDD21118F9400A6C84E /* Build configuration list for PBXNativeTarget "Beerchip-MellowMashroom-SDK" */;
			buildPhases = (
				89B05CC421118F9400A6C84E /* Sources */,
				89B05CC521118F9400A6C84E /* Frameworks */,
				89B05CC621118F9400A6C84E /* Headers */,
				89B05CC721118F9400A6C84E /* Resources */,
			);
			buildRules = (
			);
			dependencies = (
			);
			name = "Beerchip-MellowMashroom-SDK";
			productName = "Beerchip-MellowMashroom-SDK";
			productReference = 89B05CC921118F9400A6C84E /* Beerchip_MellowMashroom_SDK.framework */;
			productType = "com.apple.product-type.framework";
		};
		89B05CD121118F9400A6C84E /* Beerchip-MellowMashroom-SDKTests */ = {
			isa = PBXNativeTarget;
			buildConfigurationList = 89B05CE021118F9400A6C84E /* Build configuration list for PBXNativeTarget "Beerchip-MellowMashroom-SDKTests" */;
			buildPhases = (
				89B05CCE21118F9400A6C84E /* Sources */,
				89B05CCF21118F9400A6C84E /* Frameworks */,
				89B05CD021118F9400A6C84E /* Resources */,
			);
			buildRules = (
			);
			dependencies = (
				89B05CD521118F9400A6C84E /* PBXTargetDependency */,
			);
			name = "Beerchip-MellowMashroom-SDKTests";
			productName = "Beerchip-MellowMashroom-SDKTests";
			productReference = 89B05CD221118F9400A6C84E /* Beerchip-MellowMashroom-SDKTests.xctest */;
			productType = "com.apple.product-type.bundle.unit-test";
		};
/* End PBXNativeTarget section */

/* Begin PBXProject section */
		89B05CC021118F9400A6C84E /* Project object */ = {
			isa = PBXProject;
			attributes = {
				LastSwiftUpdateCheck = 0940;
				LastUpgradeCheck = 0940;
				ORGANIZATIONNAME = "Srinivasulu Budharapu";
				TargetAttributes = {
					89B05CC821118F9400A6C84E = {
						CreatedOnToolsVersion = 9.4.1;
					};
					89B05CD121118F9400A6C84E = {
						CreatedOnToolsVersion = 9.4.1;
					};
				};
			};
			buildConfigurationList = 89B05CC321118F9400A6C84E /* Build configuration list for PBXProject "Beerchip-MellowMashroom-SDK" */;
			compatibilityVersion = "Xcode 9.3";
			developmentRegion = en;
			hasScannedForEncodings = 0;
			knownRegions = (
				en,
			);
			mainGroup = 89B05CBF21118F9400A6C84E;
			productRefGroup = 89B05CCA21118F9400A6C84E /* Products */;
			projectDirPath = "";
			projectRoot = "";
			targets = (
				89B05CC821118F9400A6C84E /* Beerchip-MellowMashroom-SDK */,
				89B05CD121118F9400A6C84E /* Beerchip-MellowMashroom-SDKTests */,
			);
		};
/* End PBXProject section */

/* Begin PBXResourcesBuildPhase section */
		89B05CC721118F9400A6C84E /* Resources */ = {
			isa = PBXResourcesBuildPhase;
			buildActionMask = 2147483647;
			files = (
			);
			runOnlyForDeploymentPostprocessing = 0;
		};
		89B05CD021118F9400A6C84E /* Resources */ = {
			isa = PBXResourcesBuildPhase;
			buildActionMask = 2147483647;
			files = (
			);
			runOnlyForDeploymentPostprocessing = 0;
		};
/* End PBXResourcesBuildPhase section */

/* Begin PBXSourcesBuildPhase section */
		89B05CC421118F9400A6C84E /* Sources */ = {
			isa = PBXSourcesBuildPhase;
			buildActionMask = 2147483647;
			files = (
				89B05D072111918D00A6C84E /* Extension.swift in Sources */,
				89B05D042111918D00A6C84E /* BeerchipViewController.swift in Sources */,
				89B05CFE2111918D00A6C84E /* FavouritesViewController.swift in Sources */,
				89B05D002111918D00A6C84E /* WelcomeViewController.swift in Sources */,
				89B05D062111918D00A6C84E /* BeerMenuTitlesTableViewCell.swift in Sources */,
				89B05CF92111918D00A6C84E /* LocationTableViewCell.swift in Sources */,
				89B05D082111918D00A6C84E /* RewardHistoryViewController.swift in Sources */,
				89B05D022111918D00A6C84E /* EmptySegue.swift in Sources */,
				89B05D0C2111918D00A6C84E /* CustomPageViewController.swift in Sources */,
				89B05D0B2111918D00A6C84E /* BeerMenuSubTitlesTableViewCell.swift in Sources */,
				89B05D032111918D00A6C84E /* MyProfileViewController.swift in Sources */,
				89B05CFD2111918D00A6C84E /* RedeemBeerchipViewController.swift in Sources */,
				89B05D012111918D00A6C84E /* MyRatingsViewController.swift in Sources */,
				89B05CFC2111918D00A6C84E /* BeerMenuViewController.swift in Sources */,
				89B05D092111918D00A6C84E /* CashOutViewController.swift in Sources */,
				89B05D052111918D00A6C84E /* BeerInfoViewController.swift in Sources */,
				89B05CFA2111918D00A6C84E /* ModelData.swift in Sources */,
				89B05CFF2111918D00A6C84E /* MenuBar.swift in Sources */,
				89B05D0A2111918D00A6C84E /* ContainerViewController.swift in Sources */,
				89B05CFB2111918D00A6C84E /* PageControlView.swift in Sources */,
			);
			runOnlyForDeploymentPostprocessing = 0;
		};
		89B05CCE21118F9400A6C84E /* Sources */ = {
			isa = PBXSourcesBuildPhase;
			buildActionMask = 2147483647;
			files = (
				89B05CD821118F9400A6C84E /* Beerchip_MellowMashroom_SDKTests.swift in Sources */,
			);
			runOnlyForDeploymentPostprocessing = 0;
		};
/* End PBXSourcesBuildPhase section */

/* Begin PBXTargetDependency section */
		89B05CD521118F9400A6C84E /* PBXTargetDependency */ = {
			isa = PBXTargetDependency;
			target = 89B05CC821118F9400A6C84E /* Beerchip-MellowMashroom-SDK */;
			targetProxy = 89B05CD421118F9400A6C84E /* PBXContainerItemProxy */;
		};
/* End PBXTargetDependency section */

/* Begin XCBuildConfiguration section */
		89B05CDB21118F9400A6C84E /* Debug */ = {
			isa = XCBuildConfiguration;
			buildSettings = {
				ALWAYS_SEARCH_USER_PATHS = NO;
				CLANG_ANALYZER_NONNULL = YES;
				CLANG_ANALYZER_NUMBER_OBJECT_CONVERSION = YES_AGGRESSIVE;
				CLANG_CXX_LANGUAGE_STANDARD = "gnu++14";
				CLANG_CXX_LIBRARY = "libc++";
				CLANG_ENABLE_MODULES = YES;
				CLANG_ENABLE_OBJC_ARC = YES;
				CLANG_ENABLE_OBJC_WEAK = YES;
				CLANG_WARN_BLOCK_CAPTURE_AUTORELEASING = YES;
				CLANG_WARN_BOOL_CONVERSION = YES;
				CLANG_WARN_COMMA = YES;
				CLANG_WARN_CONSTANT_CONVERSION = YES;
				CLANG_WARN_DEPRECATED_OBJC_IMPLEMENTATIONS = YES;
				CLANG_WARN_DIRECT_OBJC_ISA_USAGE = YES_ERROR;
				CLANG_WARN_DOCUMENTATION_COMMENTS = YES;
				CLANG_WARN_EMPTY_BODY = YES;
				CLANG_WARN_ENUM_CONVERSION = YES;
				CLANG_WARN_INFINITE_RECURSION = YES;
				CLANG_WARN_INT_CONVERSION = YES;
				CLANG_WARN_NON_LITERAL_NULL_CONVERSION = YES;
				CLANG_WARN_OBJC_IMPLICIT_RETAIN_SELF = YES;
				CLANG_WARN_OBJC_LITERAL_CONVERSION = YES;
				CLANG_WARN_OBJC_ROOT_CLASS = YES_ERROR;
				CLANG_WARN_RANGE_LOOP_ANALYSIS = YES;
				CLANG_WARN_STRICT_PROTOTYPES = YES;
				CLANG_WARN_SUSPICIOUS_MOVE = YES;
				CLANG_WARN_UNGUARDED_AVAILABILITY = YES_AGGRESSIVE;
				CLANG_WARN_UNREACHABLE_CODE = YES;
				CLANG_WARN__DUPLICATE_METHOD_MATCH = YES;
				CODE_SIGN_IDENTITY = "iPhone Developer";
				COPY_PHASE_STRIP = NO;
				CURRENT_PROJECT_VERSION = 1;
				DEBUG_INFORMATION_FORMAT = dwarf;
				ENABLE_STRICT_OBJC_MSGSEND = YES;
				ENABLE_TESTABILITY = YES;
				GCC_C_LANGUAGE_STANDARD = gnu11;
				GCC_DYNAMIC_NO_PIC = NO;
				GCC_NO_COMMON_BLOCKS = YES;
				GCC_OPTIMIZATION_LEVEL = 0;
				GCC_PREPROCESSOR_DEFINITIONS = (
					"DEBUG=1",
					"$(inherited)",
				);
				GCC_WARN_64_TO_32_BIT_CONVERSION = YES;
				GCC_WARN_ABOUT_RETURN_TYPE = YES_ERROR;
				GCC_WARN_UNDECLARED_SELECTOR = YES;
				GCC_WARN_UNINITIALIZED_AUTOS = YES_AGGRESSIVE;
				GCC_WARN_UNUSED_FUNCTION = YES;
				GCC_WARN_UNUSED_VARIABLE = YES;
				IPHONEOS_DEPLOYMENT_TARGET = 11.4;
				MTL_ENABLE_DEBUG_INFO = YES;
				ONLY_ACTIVE_ARCH = YES;
				SDKROOT = iphoneos;
				SWIFT_ACTIVE_COMPILATION_CONDITIONS = DEBUG;
				SWIFT_OPTIMIZATION_LEVEL = "-Onone";
				VERSIONING_SYSTEM = "apple-generic";
				VERSION_INFO_PREFIX = "";
			};
			name = Debug;
		};
		89B05CDC21118F9400A6C84E /* Release */ = {
			isa = XCBuildConfiguration;
			buildSettings = {
				ALWAYS_SEARCH_USER_PATHS = NO;
				CLANG_ANALYZER_NONNULL = YES;
				CLANG_ANALYZER_NUMBER_OBJECT_CONVERSION = YES_AGGRESSIVE;
				CLANG_CXX_LANGUAGE_STANDARD = "gnu++14";
				CLANG_CXX_LIBRARY = "libc++";
				CLANG_ENABLE_MODULES = YES;
				CLANG_ENABLE_OBJC_ARC = YES;
				CLANG_ENABLE_OBJC_WEAK = YES;
				CLANG_WARN_BLOCK_CAPTURE_AUTORELEASING = YES;
				CLANG_WARN_BOOL_CONVERSION = YES;
				CLANG_WARN_COMMA = YES;
				CLANG_WARN_CONSTANT_CONVERSION = YES;
				CLANG_WARN_DEPRECATED_OBJC_IMPLEMENTATIONS = YES;
				CLANG_WARN_DIRECT_OBJC_ISA_USAGE = YES_ERROR;
				CLANG_WARN_DOCUMENTATION_COMMENTS = YES;
				CLANG_WARN_EMPTY_BODY = YES;
				CLANG_WARN_ENUM_CONVERSION = YES;
				CLANG_WARN_INFINITE_RECURSION = YES;
				CLANG_WARN_INT_CONVERSION = YES;
				CLANG_WARN_NON_LITERAL_NULL_CONVERSION = YES;
				CLANG_WARN_OBJC_IMPLICIT_RETAIN_SELF = YES;
				CLANG_WARN_OBJC_LITERAL_CONVERSION = YES;
				CLANG_WARN_OBJC_ROOT_CLASS = YES_ERROR;
				CLANG_WARN_RANGE_LOOP_ANALYSIS = YES;
				CLANG_WARN_STRICT_PROTOTYPES = YES;
				CLANG_WARN_SUSPICIOUS_MOVE = YES;
				CLANG_WARN_UNGUARDED_AVAILABILITY = YES_AGGRESSIVE;
				CLANG_WARN_UNREACHABLE_CODE = YES;
				CLANG_WARN__DUPLICATE_METHOD_MATCH = YES;
				CODE_SIGN_IDENTITY = "iPhone Developer";
				COPY_PHASE_STRIP = NO;
				CURRENT_PROJECT_VERSION = 1;
				DEBUG_INFORMATION_FORMAT = "dwarf-with-dsym";
				ENABLE_NS_ASSERTIONS = NO;
				ENABLE_STRICT_OBJC_MSGSEND = YES;
				GCC_C_LANGUAGE_STANDARD = gnu11;
				GCC_NO_COMMON_BLOCKS = YES;
				GCC_WARN_64_TO_32_BIT_CONVERSION = YES;
				GCC_WARN_ABOUT_RETURN_TYPE = YES_ERROR;
				GCC_WARN_UNDECLARED_SELECTOR = YES;
				GCC_WARN_UNINITIALIZED_AUTOS = YES_AGGRESSIVE;
				GCC_WARN_UNUSED_FUNCTION = YES;
				GCC_WARN_UNUSED_VARIABLE = YES;
				IPHONEOS_DEPLOYMENT_TARGET = 11.4;
				MTL_ENABLE_DEBUG_INFO = NO;
				SDKROOT = iphoneos;
				SWIFT_COMPILATION_MODE = wholemodule;
				SWIFT_OPTIMIZATION_LEVEL = "-O";
				VALIDATE_PRODUCT = YES;
				VERSIONING_SYSTEM = "apple-generic";
				VERSION_INFO_PREFIX = "";
			};
			name = Release;
		};
		89B05CDE21118F9400A6C84E /* Debug */ = {
			isa = XCBuildConfiguration;
			buildSettings = {
				CODE_SIGN_IDENTITY = "";
				CODE_SIGN_STYLE = Automatic;
				DEFINES_MODULE = YES;
				DEVELOPMENT_TEAM = DH337745N2;
				DYLIB_COMPATIBILITY_VERSION = 1;
				DYLIB_CURRENT_VERSION = 1;
				DYLIB_INSTALL_NAME_BASE = "@rpath";
				INFOPLIST_FILE = "Beerchip-MellowMashroom-SDK/Info.plist";
				INSTALL_PATH = "$(LOCAL_LIBRARY_DIR)/Frameworks";
				LD_RUNPATH_SEARCH_PATHS = (
					"$(inherited)",
					"@executable_path/Frameworks",
					"@loader_path/Frameworks",
				);
				PRODUCT_BUNDLE_IDENTIFIER = "com.vmoksha.Beerchip-MellowMashroom-SDK";
				PRODUCT_NAME = "$(TARGET_NAME:c99extidentifier)";
				SKIP_INSTALL = YES;
				SWIFT_VERSION = 4.0;
				TARGETED_DEVICE_FAMILY = "1,2";
			};
			name = Debug;
		};
		89B05CDF21118F9400A6C84E /* Release */ = {
			isa = XCBuildConfiguration;
			buildSettings = {
				CODE_SIGN_IDENTITY = "";
				CODE_SIGN_STYLE = Automatic;
				DEFINES_MODULE = YES;
				DEVELOPMENT_TEAM = DH337745N2;
				DYLIB_COMPATIBILITY_VERSION = 1;
				DYLIB_CURRENT_VERSION = 1;
				DYLIB_INSTALL_NAME_BASE = "@rpath";
				INFOPLIST_FILE = "Beerchip-MellowMashroom-SDK/Info.plist";
				INSTALL_PATH = "$(LOCAL_LIBRARY_DIR)/Frameworks";
				LD_RUNPATH_SEARCH_PATHS = (
					"$(inherited)",
					"@executable_path/Frameworks",
					"@loader_path/Frameworks",
				);
				PRODUCT_BUNDLE_IDENTIFIER = "com.vmoksha.Beerchip-MellowMashroom-SDK";
				PRODUCT_NAME = "$(TARGET_NAME:c99extidentifier)";
				SKIP_INSTALL = YES;
				SWIFT_VERSION = 4.0;
				TARGETED_DEVICE_FAMILY = "1,2";
			};
			name = Release;
		};
		89B05CE121118F9400A6C84E /* Debug */ = {
			isa = XCBuildConfiguration;
			buildSettings = {
				ALWAYS_EMBED_SWIFT_STANDARD_LIBRARIES = YES;
				CODE_SIGN_STYLE = Automatic;
				DEVELOPMENT_TEAM = DH337745N2;
				INFOPLIST_FILE = "Beerchip-MellowMashroom-SDKTests/Info.plist";
				LD_RUNPATH_SEARCH_PATHS = (
					"$(inherited)",
					"@executable_path/Frameworks",
					"@loader_path/Frameworks",
				);
				PRODUCT_BUNDLE_IDENTIFIER = "com.vmoksha.Beerchip-MellowMashroom-SDKTests";
				PRODUCT_NAME = "$(TARGET_NAME)";
				SWIFT_VERSION = 4.0;
				TARGETED_DEVICE_FAMILY = "1,2";
			};
			name = Debug;
		};
		89B05CE221118F9400A6C84E /* Release */ = {
			isa = XCBuildConfiguration;
			buildSettings = {
				ALWAYS_EMBED_SWIFT_STANDARD_LIBRARIES = YES;
				CODE_SIGN_STYLE = Automatic;
				DEVELOPMENT_TEAM = DH337745N2;
				INFOPLIST_FILE = "Beerchip-MellowMashroom-SDKTests/Info.plist";
				LD_RUNPATH_SEARCH_PATHS = (
					"$(inherited)",
					"@executable_path/Frameworks",
					"@loader_path/Frameworks",
				);
				PRODUCT_BUNDLE_IDENTIFIER = "com.vmoksha.Beerchip-MellowMashroom-SDKTests";
				PRODUCT_NAME = "$(TARGET_NAME)";
				SWIFT_VERSION = 4.0;
				TARGETED_DEVICE_FAMILY = "1,2";
			};
			name = Release;
		};
/* End XCBuildConfiguration section */

/* Begin XCConfigurationList section */
		89B05CC321118F9400A6C84E /* Build configuration list for PBXProject "Beerchip-MellowMashroom-SDK" */ = {
			isa = XCConfigurationList;
			buildConfigurations = (
				89B05CDB21118F9400A6C84E /* Debug */,
				89B05CDC21118F9400A6C84E /* Release */,
			);
			defaultConfigurationIsVisible = 0;
			defaultConfigurationName = Release;
		};
		89B05CDD21118F9400A6C84E /* Build configuration list for PBXNativeTarget "Beerchip-MellowMashroom-SDK" */ = {
			isa = XCConfigurationList;
			buildConfigurations = (
				89B05CDE21118F9400A6C84E /* Debug */,
				89B05CDF21118F9400A6C84E /* Release */,
			);
			defaultConfigurationIsVisible = 0;
			defaultConfigurationName = Release;
		};
		89B05CE021118F9400A6C84E /* Build configuration list for PBXNativeTarget "Beerchip-MellowMashroom-SDKTests" */ = {
			isa = XCConfigurationList;
			buildConfigurations = (
				89B05CE121118F9400A6C84E /* Debug */,
				89B05CE221118F9400A6C84E /* Release */,
			);
			defaultConfigurationIsVisible = 0;
			defaultConfigurationName = Release;
		};
/* End XCConfigurationList section */
	};
	rootObject = 89B05CC021118F9400A6C84E /* Project object */;
}
